
Microsoft Visual Studio Solution File, Format Version 12.00
# Visual Studio Version 16
VisualStudioVersion = 16.0.30907.101
MinimumVisualStudioVersion = 10.0.40219.1
Project("{9A19103F-16F7-4668-BE54-9A1E7A4F7556}") = "DataAccess", "DataAccess\DataAccess.csproj", "{4DDD16CA-2804-41C3-8F7A-DFAC78A64D45}"
EndProject
Project("{9A19103F-16F7-4668-BE54-9A1E7A4F7556}") = "Business", "Business\Business.csproj", "{A142BE55-308A-4251-9C4F-577C30F90CDC}"
EndProject
Project("{9A19103F-16F7-4668-BE54-9A1E7A4F7556}") = "Entities", "Entities\Entities.csproj", "{5FCDC637-7A15-4390-93C0-4314802B6138}"
EndProject
Project("{9A19103F-16F7-4668-BE54-9A1E7A4F7556}") = "ConsoleUI", "ConsoleUI\ConsoleUI.csproj", "{02C555CD-0D23-42F9-80DC-406F52D7A786}"
EndProject
Project("{FAE04EC0-301F-11D3-BF4B-00C04F79EFBC}") = "Core", "Core\Core.csproj", "{87551163-C0E5-41CE-88D6-D3BD725678AB}"
EndProject
Global
	GlobalSection(SolutionConfigurationPlatforms) = preSolution
		Debug|Any CPU = Debug|Any CPU
		Release|Any CPU = Release|Any CPU
	EndGlobalSection
	GlobalSection(ProjectConfigurationPlatforms) = postSolution
		{4DDD16CA-2804-41C3-8F7A-DFAC78A64D45}.Debug|Any CPU.ActiveCfg = Debug|Any CPU
		{4DDD16CA-2804-41C3-8F7A-DFAC78A64D45}.Debug|Any CPU.Build.0 = Debug|Any CPU
		{4DDD16CA-2804-41C3-8F7A-DFAC78A64D45}.Release|Any CPU.ActiveCfg = Release|Any CPU
		{4DDD16CA-2804-41C3-8F7A-DFAC78A64D45}.Release|Any CPU.Build.0 = Release|Any CPU
		{A142BE55-308A-4251-9C4F-577C30F90CDC}.Debug|Any CPU.ActiveCfg = Debug|Any CPU
		{A142BE55-308A-4251-9C4F-577C30F90CDC}.Debug|Any CPU.Build.0 = Debug|Any CPU
		{A142BE55-308A-4251-9C4F-577C30F90CDC}.Release|Any CPU.ActiveCfg = Release|Any CPU
		{A142BE55-308A-4251-9C4F-577C30F90CDC}.Release|Any CPU.Build.0 = Release|Any CPU
		{5FCDC637-7A15-4390-93C0-4314802B6138}.Debug|Any CPU.ActiveCfg = Debug|Any CPU
		{5FCDC637-7A15-4390-93C0-4314802B6138}.Debug|Any CPU.Build.0 = Debug|Any CPU
		{5FCDC637-7A15-4390-93C0-4314802B6138}.Release|Any CPU.ActiveCfg = Release|Any CPU
		{5FCDC637-7A15-4390-93C0-4314802B6138}.Release|Any CPU.Build.0 = Release|Any CPU
		{02C555CD-0D23-42F9-80DC-406F52D7A786}.Debug|Any CPU.ActiveCfg = Debug|Any CPU
		{02C555CD-0D23-42F9-80DC-406F52D7A786}.Debug|Any CPU.Build.0 = Debug|Any CPU
		{02C555CD-0D23-42F9-80DC-406F52D7A786}.Release|Any CPU.ActiveCfg = Release|Any CPU
		{02C555CD-0D23-42F9-80DC-406F52D7A786}.Release|Any CPU.Build.0 = Release|Any CPU
		{87551163-C0E5-41CE-88D6-D3BD725678AB}.Debug|Any CPU.ActiveCfg = Debug|Any CPU
		{87551163-C0E5-41CE-88D6-D3BD725678AB}.Debug|Any CPU.Build.0 = Debug|Any CPU
		{87551163-C0E5-41CE-88D6-D3BD725678AB}.Release|Any CPU.ActiveCfg = Release|Any CPU
		{87551163-C0E5-41CE-88D6-D3BD725678AB}.Release|Any CPU.Build.0 = Release|Any CPU
	EndGlobalSection
	GlobalSection(SolutionProperties) = preSolution
		HideSolutionNode = FALSE
	EndGlobalSection
	GlobalSection(ExtensibilityGlobals) = postSolution
		SolutionGuid = {79CCF66C-D72C-4998-BC9D-A4929DFE7949}
	EndGlobalSection
EndGlobal
